// !$*UTF8*$!
{
	archiveVersion = 1;
	classes = {
	};
	objectVersion = 77;
	objects = {

/* Begin PBXContainerItemProxy section */
		71D8DFA82CCE5FAD000FD272 /* PBXContainerItemProxy */ = {
			isa = PBXContainerItemProxy;
			containerPortal = 71D8DF8F2CCE5FAA000FD272 /* Project object */;
			proxyType = 1;
			remoteGlobalIDString = 71D8DF962CCE5FAA000FD272;
			remoteInfo = TextToTask;
		};
		71D8DFB22CCE5FAD000FD272 /* PBXContainerItemProxy */ = {
			isa = PBXContainerItemProxy;
			containerPortal = 71D8DF8F2CCE5FAA000FD272 /* Project object */;
			proxyType = 1;
			remoteGlobalIDString = 71D8DF962CCE5FAA000FD272;
			remoteInfo = TextToTask;
		};
/* End PBXContainerItemProxy section */

/* Begin PBXFileReference section */
		71D8DF972CCE5FAA000FD272 /* TextToTask.app */ = {isa = PBXFileReference; explicitFileType = wrapper.application; includeInIndex = 0; path = TextToTask.app; sourceTree = BUILT_PRODUCTS_DIR; };
		71D8DFA72CCE5FAD000FD272 /* TextToTaskTests.xctest */ = {isa = PBXFileReference; explicitFileType = wrapper.cfbundle; includeInIndex = 0; path = TextToTaskTests.xctest; sourceTree = BUILT_PRODUCTS_DIR; };
		71D8DFB12CCE5FAD000FD272 /* TextToTaskUITests.xctest */ = {isa = PBXFileReference; explicitFileType = wrapper.cfbundle; includeInIndex = 0; path = TextToTaskUITests.xctest; sourceTree = BUILT_PRODUCTS_DIR; };
/* End PBXFileReference section */

/* Begin PBXFileSystemSynchronizedBuildFileExceptionSet section */
		71D8DFCF2CCE60C0000FD272 /* Exceptions for "TextToTask" folder in "TextToTask" target */ = {
			isa = PBXFileSystemSynchronizedBuildFileExceptionSet;
			membershipExceptions = (
				Info.plist,
			);
			target = 71D8DF962CCE5FAA000FD272 /* TextToTask */;
		};
/* End PBXFileSystemSynchronizedBuildFileExceptionSet section */

/* Begin PBXFileSystemSynchronizedRootGroup section */
		71D8DF992CCE5FAA000FD272 /* TextToTask */ = {
			isa = PBXFileSystemSynchronizedRootGroup;
			exceptions = (
				71D8DFCF2CCE60C0000FD272 /* Exceptions for "TextToTask" folder in "TextToTask" target */,
			);
			path = TextToTask;
			sourceTree = "<group>";
		};
		71D8DFAA2CCE5FAD000FD272 /* TextToTaskTests */ = {
			isa = PBXFileSystemSynchronizedRootGroup;
			path = TextToTaskTests;
			sourceTree = "<group>";
		};
		71D8DFB42CCE5FAD000FD272 /* TextToTaskUITests */ = {
			isa = PBXFileSystemSynchronizedRootGroup;
			path = TextToTaskUITests;
			sourceTree = "<group>";
		};
/* End PBXFileSystemSynchronizedRootGroup section */

/* Begin PBXFrameworksBuildPhase section */
		71D8DF942CCE5FAA000FD272 /* Frameworks */ = {
			isa = PBXFrameworksBuildPhase;
			buildActionMask = 2147483647;
			files = (
			);
			runOnlyForDeploymentPostprocessing = 0;
		};
		71D8DFA42CCE5FAD000FD272 /* Frameworks */ = {
			isa = PBXFrameworksBuildPhase;
			buildActionMask = 2147483647;
			files = (
			);
			runOnlyForDeploymentPostprocessing = 0;
		};
		71D8DFAE2CCE5FAD000FD272 /* Frameworks */ = {
			isa = PBXFrameworksBuildPhase;
			buildActionMask = 2147483647;
			files = (
			);
			runOnlyForDeploymentPostprocessing = 0;
		};
/* End PBXFrameworksBuildPhase section */

/* Begin PBXGroup section */
		71D8DF8E2CCE5FAA000FD272 = {
			isa = PBXGroup;
			children = (
				71D8DF992CCE5FAA000FD272 /* TextToTask */,
				71D8DFAA2CCE5FAD000FD272 /* TextToTaskTests */,
				71D8DFB42CCE5FAD000FD272 /* TextToTaskUITests */,
				71D8DF982CCE5FAA000FD272 /* Products */,
			);
			sourceTree = "<group>";
		};
		71D8DF982CCE5FAA000FD272 /* Products */ = {
			isa = PBXGroup;
			children = (
				71D8DF972CCE5FAA000FD272 /* TextToTask.app */,
				71D8DFA72CCE5FAD000FD272 /* TextToTaskTests.xctest */,
				71D8DFB12CCE5FAD000FD272 /* TextToTaskUITests.xctest */,
			);
			name = Products;
			sourceTree = "<group>";
		};
/* End PBXGroup section */

/* Begin PBXNativeTarget section */
		71D8DF962CCE5FAA000FD272 /* TextToTask */ = {
			isa = PBXNativeTarget;
			buildConfigurationList = 71D8DFBB2CCE5FAD000FD272 /* Build configuration list for PBXNativeTarget "TextToTask" */;
			buildPhases = (
				71D8DF932CCE5FAA000FD272 /* Sources */,
				71D8DF942CCE5FAA000FD272 /* Frameworks */,
				71D8DF952CCE5FAA000FD272 /* Resources */,
			);
			buildRules = (
			);
			dependencies = (
			);
			fileSystemSynchronizedGroups = (
				71D8DF992CCE5FAA000FD272 /* TextToTask */,
			);
			name = TextToTask;
			packageProductDependencies = (
			);
			productName = TextToTask;
			productReference = 71D8DF972CCE5FAA000FD272 /* TextToTask.app */;
			productType = "com.apple.product-type.application";
		};
		71D8DFA62CCE5FAD000FD272 /* TextToTaskTests */ = {
			isa = PBXNativeTarget;
			buildConfigurationList = 71D8DFBE2CCE5FAD000FD272 /* Build configuration list for PBXNativeTarget "TextToTaskTests" */;
			buildPhases = (
				71D8DFA32CCE5FAD000FD272 /* Sources */,
				71D8DFA42CCE5FAD000FD272 /* Frameworks */,
				71D8DFA52CCE5FAD000FD272 /* Resources */,
			);
			buildRules = (
			);
			dependencies = (
				71D8DFA92CCE5FAD000FD272 /* PBXTargetDependency */,
			);
			fileSystemSynchronizedGroups = (
				71D8DFAA2CCE5FAD000FD272 /* TextToTaskTests */,
			);
			name = TextToTaskTests;
			packageProductDependencies = (
			);
			productName = TextToTaskTests;
			productReference = 71D8DFA72CCE5FAD000FD272 /* TextToTaskTests.xctest */;
			productType = "com.apple.product-type.bundle.unit-test";
		};
		71D8DFB02CCE5FAD000FD272 /* TextToTaskUITests */ = {
			isa = PBXNativeTarget;
			buildConfigurationList = 71D8DFC12CCE5FAD000FD272 /* Build configuration list for PBXNativeTarget "TextToTaskUITests" */;
			buildPhases = (
				71D8DFAD2CCE5FAD000FD272 /* Sources */,
				71D8DFAE2CCE5FAD000FD272 /* Frameworks */,
				71D8DFAF2CCE5FAD000FD272 /* Resources */,
			);
			buildRules = (
			);
			dependencies = (
				71D8DFB32CCE5FAD000FD272 /* PBXTargetDependency */,
			);
			fileSystemSynchronizedGroups = (
				71D8DFB42CCE5FAD000FD272 /* TextToTaskUITests */,
			);
			name = TextToTaskUITests;
			packageProductDependencies = (
			);
			productName = TextToTaskUITests;
			productReference = 71D8DFB12CCE5FAD000FD272 /* TextToTaskUITests.xctest */;
			productType = "com.apple.product-type.bundle.ui-testing";
		};
/* End PBXNativeTarget section */

/* Begin PBXProject section */
		71D8DF8F2CCE5FAA000FD272 /* Project object */ = {
			isa = PBXProject;
			attributes = {
				BuildIndependentTargetsInParallel = 1;
				LastSwiftUpdateCheck = 1610;
				LastUpgradeCheck = 1610;
				TargetAttributes = {
					71D8DF962CCE5FAA000FD272 = {
						CreatedOnToolsVersion = 16.1;
					};
					71D8DFA62CCE5FAD000FD272 = {
						CreatedOnToolsVersion = 16.1;
						TestTargetID = 71D8DF962CCE5FAA000FD272;
					};
					71D8DFB02CCE5FAD000FD272 = {
						CreatedOnToolsVersion = 16.1;
						TestTargetID = 71D8DF962CCE5FAA000FD272;
					};
				};
			};
			buildConfigurationList = 71D8DF922CCE5FAA000FD272 /* Build configuration list for PBXProject "TextToTask" */;
			developmentRegion = en;
			hasScannedForEncodings = 0;
			knownRegions = (
				en,
				Base,
			);
			mainGroup = 71D8DF8E2CCE5FAA000FD272;
			minimizedProjectReferenceProxies = 1;
			preferredProjectObjectVersion = 77;
			productRefGroup = 71D8DF982CCE5FAA000FD272 /* Products */;
			projectDirPath = "";
			projectRoot = "";
			targets = (
				71D8DF962CCE5FAA000FD272 /* TextToTask */,
				71D8DFA62CCE5FAD000FD272 /* TextToTaskTests */,
				71D8DFB02CCE5FAD000FD272 /* TextToTaskUITests */,
			);
		};
/* End PBXProject section */

/* Begin PBXResourcesBuildPhase section */
		71D8DF952CCE5FAA000FD272 /* Resources */ = {
			isa = PBXResourcesBuildPhase;
			buildActionMask = 2147483647;
			files = (
			);
			runOnlyForDeploymentPostprocessing = 0;
		};
		71D8DFA52CCE5FAD000FD272 /* Resources */ = {
			isa = PBXResourcesBuildPhase;
			buildActionMask = 2147483647;
			files = (
			);
			runOnlyForDeploymentPostprocessing = 0;
		};
		71D8DFAF2CCE5FAD000FD272 /* Resources */ = {
			isa = PBXResourcesBuildPhase;
			buildActionMask = 2147483647;
			files = (
			);
			runOnlyForDeploymentPostprocessing = 0;
		};
/* End PBXResourcesBuildPhase section */

/* Begin PBXSourcesBuildPhase section */
		71D8DF932CCE5FAA000FD272 /* Sources */ = {
			isa = PBXSourcesBuildPhase;
			buildActionMask = 2147483647;
			files = (
			);
			runOnlyForDeploymentPostprocessing = 0;
		};
		71D8DFA32CCE5FAD000FD272 /* Sources */ = {
			isa = PBXSourcesBuildPhase;
			buildActionMask = 2147483647;
			files = (
			);
			runOnlyForDeploymentPostprocessing = 0;
		};
		71D8DFAD2CCE5FAD000FD272 /* Sources */ = {
			isa = PBXSourcesBuildPhase;
			buildActionMask = 2147483647;
			files = (
			);
			runOnlyForDeploymentPostprocessing = 0;
		};
/* End PBXSourcesBuildPhase section */

/* Begin PBXTargetDependency section */
		71D8DFA92CCE5FAD000FD272 /* PBXTargetDependency */ = {
			isa = PBXTargetDependency;
			target = 71D8DF962CCE5FAA000FD272 /* TextToTask */;
			targetProxy = 71D8DFA82CCE5FAD000FD272 /* PBXContainerItemProxy */;
		};
		71D8DFB32CCE5FAD000FD272 /* PBXTargetDependency */ = {
			isa = PBXTargetDependency;
			target = 71D8DF962CCE5FAA000FD272 /* TextToTask */;
			targetProxy = 71D8DFB22CCE5FAD000FD272 /* PBXContainerItemProxy */;
		};
/* End PBXTargetDependency section */

/* Begin XCBuildConfiguration section */
		71D8DFB92CCE5FAD000FD272 /* Debug */ = {
			isa = XCBuildConfiguration;
			buildSettings = {
				ALWAYS_SEARCH_USER_PATHS = NO;
				ASSETCATALOG_COMPILER_GENERATE_SWIFT_ASSET_SYMBOL_EXTENSIONS = YES;
				CLANG_ANALYZER_NONNULL = YES;
				CLANG_ANALYZER_NUMBER_OBJECT_CONVERSION = YES_AGGRESSIVE;
				CLANG_CXX_LANGUAGE_STANDARD = "gnu++20";
				CLANG_ENABLE_MODULES = YES;
				CLANG_ENABLE_OBJC_ARC = YES;
				CLANG_ENABLE_OBJC_WEAK = YES;
				CLANG_WARN_BLOCK_CAPTURE_AUTORELEASING = YES;
				CLANG_WARN_BOOL_CONVERSION = YES;
				CLANG_WARN_COMMA = YES;
				CLANG_WARN_CONSTANT_CONVERSION = YES;
				CLANG_WARN_DEPRECATED_OBJC_IMPLEMENTATIONS = YES;
				CLANG_WARN_DIRECT_OBJC_ISA_USAGE = YES_ERROR;
				CLANG_WARN_DOCUMENTATION_COMMENTS = YES;
				CLANG_WARN_EMPTY_BODY = YES;
				CLANG_WARN_ENUM_CONVERSION = YES;
				CLANG_WARN_INFINITE_RECURSION = YES;
				CLANG_WARN_INT_CONVERSION = YES;
				CLANG_WARN_NON_LITERAL_NULL_CONVERSION = YES;
				CLANG_WARN_OBJC_IMPLICIT_RETAIN_SELF = YES;
				CLANG_WARN_OBJC_LITERAL_CONVERSION = YES;
				CLANG_WARN_OBJC_ROOT_CLASS = YES_ERROR;
				CLANG_WARN_QUOTED_INCLUDE_IN_FRAMEWORK_HEADER = YES;
				CLANG_WARN_RANGE_LOOP_ANALYSIS = YES;
				CLANG_WARN_STRICT_PROTOTYPES = YES;
				CLANG_WARN_SUSPICIOUS_MOVE = YES;
				CLANG_WARN_UNGUARDED_AVAILABILITY = YES_AGGRESSIVE;
				CLANG_WARN_UNREACHABLE_CODE = YES;
				CLANG_WARN__DUPLICATE_METHOD_MATCH = YES;
				COPY_PHASE_STRIP = NO;
				DEBUG_INFORMATION_FORMAT = dwarf;
				ENABLE_STRICT_OBJC_MSGSEND = YES;
				ENABLE_TESTABILITY = YES;
				ENABLE_USER_SCRIPT_SANDBOXING = YES;
				GCC_C_LANGUAGE_STANDARD = gnu17;
				GCC_DYNAMIC_NO_PIC = NO;
				GCC_NO_COMMON_BLOCKS = YES;
				GCC_OPTIMIZATION_LEVEL = 0;
				GCC_PREPROCESSOR_DEFINITIONS = (
					"DEBUG=1",
					"$(inherited)",
				);
				GCC_WARN_64_TO_32_BIT_CONVERSION = YES;
				GCC_WARN_ABOUT_RETURN_TYPE = YES_ERROR;
				GCC_WARN_UNDECLARED_SELECTOR = YES;
				GCC_WARN_UNINITIALIZED_AUTOS = YES_AGGRESSIVE;
				GCC_WARN_UNUSED_FUNCTION = YES;
				GCC_WARN_UNUSED_VARIABLE = YES;
				IPHONEOS_DEPLOYMENT_TARGET = 18.1;
				LOCALIZATION_PREFERS_STRING_CATALOGS = YES;
				MTL_ENABLE_DEBUG_INFO = INCLUDE_SOURCE;
				MTL_FAST_MATH = YES;
				ONLY_ACTIVE_ARCH = YES;
				SDKROOT = iphoneos;
				SWIFT_ACTIVE_COMPILATION_CONDITIONS = "DEBUG $(inherited)";
				SWIFT_OPTIMIZATION_LEVEL = "-Onone";
			};
			name = Debug;
		};
		71D8DFBA2CCE5FAD000FD272 /* Release */ = {
			isa = XCBuildConfiguration;
			buildSettings = {
				ALWAYS_SEARCH_USER_PATHS = NO;
				ASSETCATALOG_COMPILER_GENERATE_SWIFT_ASSET_SYMBOL_EXTENSIONS = YES;
				CLANG_ANALYZER_NONNULL = YES;
				CLANG_ANALYZER_NUMBER_OBJECT_CONVERSION = YES_AGGRESSIVE;
				CLANG_CXX_LANGUAGE_STANDARD = "gnu++20";
				CLANG_ENABLE_MODULES = YES;
				CLANG_ENABLE_OBJC_ARC = YES;
				CLANG_ENABLE_OBJC_WEAK = YES;
				CLANG_WARN_BLOCK_CAPTURE_AUTORELEASING = YES;
				CLANG_WARN_BOOL_CONVERSION = YES;
				CLANG_WARN_COMMA = YES;
				CLANG_WARN_CONSTANT_CONVERSION = YES;
				CLANG_WARN_DEPRECATED_OBJC_IMPLEMENTATIONS = YES;
				CLANG_WARN_DIRECT_OBJC_ISA_USAGE = YES_ERROR;
				CLANG_WARN_DOCUMENTATION_COMMENTS = YES;
				CLANG_WARN_EMPTY_BODY = YES;
				CLANG_WARN_ENUM_CONVERSION = YES;
				CLANG_WARN_INFINITE_RECURSION = YES;
				CLANG_WARN_INT_CONVERSION = YES;
				CLANG_WARN_NON_LITERAL_NULL_CONVERSION = YES;
				CLANG_WARN_OBJC_IMPLICIT_RETAIN_SELF = YES;
				CLANG_WARN_OBJC_LITERAL_CONVERSION = YES;
				CLANG_WARN_OBJC_ROOT_CLASS = YES_ERROR;
				CLANG_WARN_QUOTED_INCLUDE_IN_FRAMEWORK_HEADER = YES;
				CLANG_WARN_RANGE_LOOP_ANALYSIS = YES;
				CLANG_WARN_STRICT_PROTOTYPES = YES;
				CLANG_WARN_SUSPICIOUS_MOVE = YES;
				CLANG_WARN_UNGUARDED_AVAILABILITY = YES_AGGRESSIVE;
				CLANG_WARN_UNREACHABLE_CODE = YES;
				CLANG_WARN__DUPLICATE_METHOD_MATCH = YES;
				COPY_PHASE_STRIP = NO;
				DEBUG_INFORMATION_FORMAT = "dwarf-with-dsym";
				ENABLE_NS_ASSERTIONS = NO;
				ENABLE_STRICT_OBJC_MSGSEND = YES;
				ENABLE_USER_SCRIPT_SANDBOXING = YES;
				GCC_C_LANGUAGE_STANDARD = gnu17;
				GCC_NO_COMMON_BLOCKS = YES;
				GCC_WARN_64_TO_32_BIT_CONVERSION = YES;
				GCC_WARN_ABOUT_RETURN_TYPE = YES_ERROR;
				GCC_WARN_UNDECLARED_SELECTOR = YES;
				GCC_WARN_UNINITIALIZED_AUTOS = YES_AGGRESSIVE;
				GCC_WARN_UNUSED_FUNCTION = YES;
				GCC_WARN_UNUSED_VARIABLE = YES;
				IPHONEOS_DEPLOYMENT_TARGET = 18.1;
				LOCALIZATION_PREFERS_STRING_CATALOGS = YES;
				MTL_ENABLE_DEBUG_INFO = NO;
				MTL_FAST_MATH = YES;
				SDKROOT = iphoneos;
				SWIFT_COMPILATION_MODE = wholemodule;
				VALIDATE_PRODUCT = YES;
			};
			name = Release;
		};
		71D8DFBC2CCE5FAD000FD272 /* Debug */ = {
			isa = XCBuildConfiguration;
			buildSettings = {
				ASSETCATALOG_COMPILER_APPICON_NAME = AppIcon;
				ASSETCATALOG_COMPILER_GLOBAL_ACCENT_COLOR_NAME = AccentColor;
				CODE_SIGN_STYLE = Automatic;
				CURRENT_PROJECT_VERSION = 1;
				DEVELOPMENT_ASSET_PATHS = "\"TextToTask/Preview Content\"";
				DEVELOPMENT_TEAM = AGS5SL5799;
				ENABLE_PREVIEWS = YES;
				GENERATE_INFOPLIST_FILE = YES;
				INFOPLIST_FILE = TextToTask/Info.plist;
				INFOPLIST_KEY_LSApplicationCategoryType = "";
				INFOPLIST_KEY_UIApplicationSceneManifest_Generation = YES;
				INFOPLIST_KEY_UIApplicationSupportsIndirectInputEvents = YES;
				INFOPLIST_KEY_UILaunchScreen_Generation = YES;
				INFOPLIST_KEY_UISupportedInterfaceOrientations_iPad = "UIInterfaceOrientationPortrait UIInterfaceOrientationPortraitUpsideDown UIInterfaceOrientationLandscapeLeft UIInterfaceOrientationLandscapeRight";
				INFOPLIST_KEY_UISupportedInterfaceOrientations_iPhone = "UIInterfaceOrientationPortrait UIInterfaceOrientationLandscapeLeft UIInterfaceOrientationLandscapeRight";
				LD_RUNPATH_SEARCH_PATHS = (
					"$(inherited)",
					"@executable_path/Frameworks",
				);
				MARKETING_VERSION = 1.0;
				PRODUCT_BUNDLE_IDENTIFIER = com.lightSprits.TextToTask;
				PRODUCT_NAME = "$(TARGET_NAME)";
				SWIFT_EMIT_LOC_STRINGS = YES;
				SWIFT_VERSION = 5.0;
				TARGETED_DEVICE_FAMILY = "1,2";
			};
			name = Debug;
		};
		71D8DFBD2CCE5FAD000FD272 /* Release */ = {
			isa = XCBuildConfiguration;
			buildSettings = {
				ASSETCATALOG_COMPILER_APPICON_NAME = AppIcon;
				ASSETCATALOG_COMPILER_GLOBAL_ACCENT_COLOR_NAME = AccentColor;
				CODE_SIGN_STYLE = Automatic;
				CURRENT_PROJECT_VERSION = 1;
				DEVELOPMENT_ASSET_PATHS = "\"TextToTask/Preview Content\"";
				DEVELOPMENT_TEAM = AGS5SL5799;
				ENABLE_PREVIEWS = YES;
				GENERATE_INFOPLIST_FILE = YES;
				INFOPLIST_FILE = TextToTask/Info.plist;
				INFOPLIST_KEY_LSApplicationCategoryType = "";
				INFOPLIST_KEY_UIApplicationSceneManifest_Generation = YES;
				INFOPLIST_KEY_UIApplicationSupportsIndirectInputEvents = YES;
				INFOPLIST_KEY_UILaunchScreen_Generation = YES;
				INFOPLIST_KEY_UISupportedInterfaceOrientations_iPad = "UIInterfaceOrientationPortrait UIInterfaceOrientationPortraitUpsideDown UIInterfaceOrientationLandscapeLeft UIInterfaceOrientationLandscapeRight";
				INFOPLIST_KEY_UISupportedInterfaceOrientations_iPhone = "UIInterfaceOrientationPortrait UIInterfaceOrientationLandscapeLeft UIInterfaceOrientationLandscapeRight";
				LD_RUNPATH_SEARCH_PATHS = (
					"$(inherited)",
					"@executable_path/Frameworks",
				);
				MARKETING_VERSION = 1.0;
				PRODUCT_BUNDLE_IDENTIFIER = com.lightSprits.TextToTask;
				PRODUCT_NAME = "$(TARGET_NAME)";
				SWIFT_EMIT_LOC_STRINGS = YES;
				SWIFT_VERSION = 5.0;
				TARGETED_DEVICE_FAMILY = "1,2";
			};
			name = Release;
		};
		71D8DFBF2CCE5FAD000FD272 /* Debug */ = {
			isa = XCBuildConfiguration;
			buildSettings = {
				BUNDLE_LOADER = "$(TEST_HOST)";
				CODE_SIGN_STYLE = Automatic;
				CURRENT_PROJECT_VERSION = 1;
				DEVELOPMENT_TEAM = AGS5SL5799;
				GENERATE_INFOPLIST_FILE = YES;
				IPHONEOS_DEPLOYMENT_TARGET = 18.1;
				MARKETING_VERSION = 1.0;
				PRODUCT_BUNDLE_IDENTIFIER = com.lightSprits.TextToTaskTests;
				PRODUCT_NAME = "$(TARGET_NAME)";
				SWIFT_EMIT_LOC_STRINGS = NO;
				SWIFT_VERSION = 5.0;
				TARGETED_DEVICE_FAMILY = "1,2";
				TEST_HOST = "$(BUILT_PRODUCTS_DIR)/TextToTask.app/$(BUNDLE_EXECUTABLE_FOLDER_PATH)/TextToTask";
			};
			name = Debug;
		};
		71D8DFC02CCE5FAD000FD272 /* Release */ = {
			isa = XCBuildConfiguration;
			buildSettings = {
				BUNDLE_LOADER = "$(TEST_HOST)";
				CODE_SIGN_STYLE = Automatic;
				CURRENT_PROJECT_VERSION = 1;
				DEVELOPMENT_TEAM = AGS5SL5799;
				GENERATE_INFOPLIST_FILE = YES;
				IPHONEOS_DEPLOYMENT_TARGET = 18.1;
				MARKETING_VERSION = 1.0;
				PRODUCT_BUNDLE_IDENTIFIER = com.lightSprits.TextToTaskTests;
				PRODUCT_NAME = "$(TARGET_NAME)";
				SWIFT_EMIT_LOC_STRINGS = NO;
				SWIFT_VERSION = 5.0;
				TARGETED_DEVICE_FAMILY = "1,2";
				TEST_HOST = "$(BUILT_PRODUCTS_DIR)/TextToTask.app/$(BUNDLE_EXECUTABLE_FOLDER_PATH)/TextToTask";
			};
			name = Release;
		};
		71D8DFC22CCE5FAD000FD272 /* Debug */ = {
			isa = XCBuildConfiguration;
			buildSettings = {
				CODE_SIGN_STYLE = Automatic;
				CURRENT_PROJECT_VERSION = 1;
				DEVELOPMENT_TEAM = AGS5SL5799;
				GENERATE_INFOPLIST_FILE = YES;
				MARKETING_VERSION = 1.0;
				PRODUCT_BUNDLE_IDENTIFIER = com.lightSprits.TextToTaskUITests;
				PRODUCT_NAME = "$(TARGET_NAME)";
				SWIFT_EMIT_LOC_STRINGS = NO;
				SWIFT_VERSION = 5.0;
				TARGETED_DEVICE_FAMILY = "1,2";
				TEST_TARGET_NAME = TextToTask;
			};
			name = Debug;
		};
		71D8DFC32CCE5FAD000FD272 /* Release */ = {
			isa = XCBuildConfiguration;
			buildSettings = {
				CODE_SIGN_STYLE = Automatic;
				CURRENT_PROJECT_VERSION = 1;
				DEVELOPMENT_TEAM = AGS5SL5799;
				GENERATE_INFOPLIST_FILE = YES;
				MARKETING_VERSION = 1.0;
				PRODUCT_BUNDLE_IDENTIFIER = com.lightSprits.TextToTaskUITests;
				PRODUCT_NAME = "$(TARGET_NAME)";
				SWIFT_EMIT_LOC_STRINGS = NO;
				SWIFT_VERSION = 5.0;
				TARGETED_DEVICE_FAMILY = "1,2";
				TEST_TARGET_NAME = TextToTask;
			};
			name = Release;
		};
/* End XCBuildConfiguration section */

/* Begin XCConfigurationList section */
		71D8DF922CCE5FAA000FD272 /* Build configuration list for PBXProject "TextToTask" */ = {
			isa = XCConfigurationList;
			buildConfigurations = (
				71D8DFB92CCE5FAD000FD272 /* Debug */,
				71D8DFBA2CCE5FAD000FD272 /* Release */,
			);
			defaultConfigurationIsVisible = 0;
			defaultConfigurationName = Release;
		};
		71D8DFBB2CCE5FAD000FD272 /* Build configuration list for PBXNativeTarget "TextToTask" */ = {
			isa = XCConfigurationList;
			buildConfigurations = (
				71D8DFBC2CCE5FAD000FD272 /* Debug */,
				71D8DFBD2CCE5FAD000FD272 /* Release */,
			);
			defaultConfigurationIsVisible = 0;
			defaultConfigurationName = Release;
		};
		71D8DFBE2CCE5FAD000FD272 /* Build configuration list for PBXNativeTarget "TextToTaskTests" */ = {
			isa = XCConfigurationList;
			buildConfigurations = (
				71D8DFBF2CCE5FAD000FD272 /* Debug */,
				71D8DFC02CCE5FAD000FD272 /* Release */,
			);
			defaultConfigurationIsVisible = 0;
			defaultConfigurationName = Release;
		};
		71D8DFC12CCE5FAD000FD272 /* Build configuration list for PBXNativeTarget "TextToTaskUITests" */ = {
			isa = XCConfigurationList;
			buildConfigurations = (
				71D8DFC22CCE5FAD000FD272 /* Debug */,
				71D8DFC32CCE5FAD000FD272 /* Release */,
			);
			defaultConfigurationIsVisible = 0;
			defaultConfigurationName = Release;
		};
/* End XCConfigurationList section */
	};
	rootObject = 71D8DF8F2CCE5FAA000FD272 /* Project object */;
}
